
Microsoft Visual Studio Solution File, Format Version 12.00
# Visual Studio Version 16
VisualStudioVersion = 16.0.31005.135
MinimumVisualStudioVersion = 10.0.40219.1
Project("{FAE04EC0-301F-11D3-BF4B-00C04F79EFBC}") = "Asteroid", "Asteroid\Asteroid.csproj", "{74E20448-2622-4922-9D2C-00BCFF729300}"
EndProject
Global
	GlobalSection(SolutionConfigurationPlatforms) = preSolution
		Debug|Any CPU = Debug|Any CPU
		Release|Any CPU = Release|Any CPU
	EndGlobalSection
	GlobalSection(ProjectConfigurationPlatforms) = postSolution
		{74E20448-2622-4922-9D2C-00BCFF729300}.Debug|Any CPU.ActiveCfg = Debug|Any CPU
		{74E20448-2622-4922-9D2C-00BCFF729300}.Debug|Any CPU.Build.0 = Debug|Any CPU
		{74E20448-2622-4922-9D2C-00BCFF729300}.Release|Any CPU.ActiveCfg = Release|Any CPU
		{74E20448-2622-4922-9D2C-00BCFF729300}.Release|Any CPU.Build.0 = Release|Any CPU
	EndGlobalSection
	GlobalSection(SolutionProperties) = preSolution
		HideSolutionNode = FALSE
	EndGlobalSection
	GlobalSection(ExtensibilityGlobals) = postSolution
		SolutionGuid = {9FE07F1A-03AA-46CF-BCD2-163CB824DF8C}
	EndGlobalSection
EndGlobal
